
Microsoft Visual Studio Solution File, Format Version 12.00
# Visual Studio Version 17
VisualStudioVersion = 17.1.32421.90
MinimumVisualStudioVersion = 10.0.40219.1
Project("{FAE04EC0-301F-11D3-BF4B-00C04F79EFBC}") = "Esercizio 5", "Esercizio 5\Esercizio 5.csproj", "{BFC89756-151F-422E-A646-E81E8521837B}"
EndProject
Global
	GlobalSection(SolutionConfigurationPlatforms) = preSolution
		Debug|Any CPU = Debug|Any CPU
		Release|Any CPU = Release|Any CPU
	EndGlobalSection
	GlobalSection(ProjectConfigurationPlatforms) = postSolution
		{BFC89756-151F-422E-A646-E81E8521837B}.Debug|Any CPU.ActiveCfg = Debug|Any CPU
		{BFC89756-151F-422E-A646-E81E8521837B}.Debug|Any CPU.Build.0 = Debug|Any CPU
		{BFC89756-151F-422E-A646-E81E8521837B}.Release|Any CPU.ActiveCfg = Release|Any CPU
		{BFC89756-151F-422E-A646-E81E8521837B}.Release|Any CPU.Build.0 = Release|Any CPU
	EndGlobalSection
	GlobalSection(SolutionProperties) = preSolution
		HideSolutionNode = FALSE
	EndGlobalSection
	GlobalSection(ExtensibilityGlobals) = postSolution
		SolutionGuid = {50080805-A346-4735-A71E-8E53E1F32FBA}
	EndGlobalSection
EndGlobal
